// !$*UTF8*$!
{
	archiveVersion = 1;
	classes = {
	};
	objectVersion = 46;
	objects = {

/* Begin PBXBuildFile section */
		4907EF491471F03600AA91D7 /* MobilityViewController.m in Sources */ = {isa = PBXBuildFile; fileRef = 4907EF471471F03600AA91D7 /* MobilityViewController.m */; };
		4907EF4A1471F03600AA91D7 /* MobilityViewController.m in Sources */ = {isa = PBXBuildFile; fileRef = 4907EF471471F03600AA91D7 /* MobilityViewController.m */; };
		4907EF4B1471F03600AA91D7 /* MobilityViewController.xib in Resources */ = {isa = PBXBuildFile; fileRef = 4907EF481471F03600AA91D7 /* MobilityViewController.xib */; };
		4907EF4C1471F03600AA91D7 /* MobilityViewController.xib in Resources */ = {isa = PBXBuildFile; fileRef = 4907EF481471F03600AA91D7 /* MobilityViewController.xib */; };
		492C6A7A1471FA10002E7651 /* MobilityDataModel.xcdatamodeld in Sources */ = {isa = PBXBuildFile; fileRef = 492C6A781471FA10002E7651 /* MobilityDataModel.xcdatamodeld */; };
		492C6A7B1471FA10002E7651 /* MobilityDataModel.xcdatamodeld in Sources */ = {isa = PBXBuildFile; fileRef = 492C6A781471FA10002E7651 /* MobilityDataModel.xcdatamodeld */; };
		492C6A7F1471FBD8002E7651 /* MobilityLogger.m in Sources */ = {isa = PBXBuildFile; fileRef = 492C6A7E1471FBD8002E7651 /* MobilityLogger.m */; };
		492C6A801471FBD8002E7651 /* MobilityLogger.m in Sources */ = {isa = PBXBuildFile; fileRef = 492C6A7E1471FBD8002E7651 /* MobilityLogger.m */; };
		492C6A821471FDFB002E7651 /* CoreLocation.framework in Frameworks */ = {isa = PBXBuildFile; fileRef = 492C6A811471FDFB002E7651 /* CoreLocation.framework */; };
		492C6A831471FE36002E7651 /* CoreLocation.framework in Frameworks */ = {isa = PBXBuildFile; fileRef = 492C6A811471FDFB002E7651 /* CoreLocation.framework */; };
		4946B8BB14724B7600572463 /* CoreMotion.framework in Frameworks */ = {isa = PBXBuildFile; fileRef = 4946B8BA14724B7600572463 /* CoreMotion.framework */; };
		4946B8BD14724B9400572463 /* CoreMotion.framework in Frameworks */ = {isa = PBXBuildFile; fileRef = 4946B8BA14724B7600572463 /* CoreMotion.framework */; };
		49ACAA1D14725771008459C8 /* CoreData.framework in Frameworks */ = {isa = PBXBuildFile; fileRef = 49ACAA1C14725771008459C8 /* CoreData.framework */; };
		49ACAA1E14725782008459C8 /* CoreData.framework in Frameworks */ = {isa = PBXBuildFile; fileRef = 49ACAA1C14725771008459C8 /* CoreData.framework */; };
		49B205E51471E4DF00534F33 /* UIKit.framework in Frameworks */ = {isa = PBXBuildFile; fileRef = 49B205E41471E4DF00534F33 /* UIKit.framework */; };
		49B205E71471E4DF00534F33 /* Foundation.framework in Frameworks */ = {isa = PBXBuildFile; fileRef = 49B205E61471E4DF00534F33 /* Foundation.framework */; };
		49B205E91471E4DF00534F33 /* CoreGraphics.framework in Frameworks */ = {isa = PBXBuildFile; fileRef = 49B205E81471E4DF00534F33 /* CoreGraphics.framework */; };
		49B205EF1471E4DF00534F33 /* InfoPlist.strings in Resources */ = {isa = PBXBuildFile; fileRef = 49B205ED1471E4DF00534F33 /* InfoPlist.strings */; };
		49B205F11471E4DF00534F33 /* main.m in Sources */ = {isa = PBXBuildFile; fileRef = 49B205F01471E4DF00534F33 /* main.m */; };
		49B205F51471E4DF00534F33 /* AppDelegate.m in Sources */ = {isa = PBXBuildFile; fileRef = 49B205F41471E4DF00534F33 /* AppDelegate.m */; };
		49B205FD1471E4DF00534F33 /* SenTestingKit.framework in Frameworks */ = {isa = PBXBuildFile; fileRef = 49B205FC1471E4DF00534F33 /* SenTestingKit.framework */; };
		49B205FE1471E4DF00534F33 /* UIKit.framework in Frameworks */ = {isa = PBXBuildFile; fileRef = 49B205E41471E4DF00534F33 /* UIKit.framework */; };
		49B205FF1471E4DF00534F33 /* Foundation.framework in Frameworks */ = {isa = PBXBuildFile; fileRef = 49B205E61471E4DF00534F33 /* Foundation.framework */; };
		49B206071471E4DF00534F33 /* InfoPlist.strings in Resources */ = {isa = PBXBuildFile; fileRef = 49B206051471E4DF00534F33 /* InfoPlist.strings */; };
		49B2060A1471E4DF00534F33 /* MobilityTests.m in Sources */ = {isa = PBXBuildFile; fileRef = 49B206091471E4DF00534F33 /* MobilityTests.m */; };
		49CB76B414AE7F3B00015999 /* DataPoint.m in Sources */ = {isa = PBXBuildFile; fileRef = 49CB76B314AE7F3B00015999 /* DataPoint.m */; };
/* End PBXBuildFile section */

/* Begin PBXContainerItemProxy section */
		49B206001471E4DF00534F33 /* PBXContainerItemProxy */ = {
			isa = PBXContainerItemProxy;
			containerPortal = 49B205D71471E4DF00534F33 /* Project object */;
			proxyType = 1;
			remoteGlobalIDString = 49B205DF1471E4DF00534F33;
			remoteInfo = Mobility;
		};
/* End PBXContainerItemProxy section */

/* Begin PBXFileReference section */
		4907EF461471F03600AA91D7 /* MobilityViewController.h */ = {isa = PBXFileReference; fileEncoding = 4; lastKnownFileType = sourcecode.c.h; path = MobilityViewController.h; sourceTree = "<group>"; };
		4907EF471471F03600AA91D7 /* MobilityViewController.m */ = {isa = PBXFileReference; fileEncoding = 4; lastKnownFileType = sourcecode.c.objc; path = MobilityViewController.m; sourceTree = "<group>"; };
		4907EF481471F03600AA91D7 /* MobilityViewController.xib */ = {isa = PBXFileReference; fileEncoding = 4; lastKnownFileType = file.xib; path = MobilityViewController.xib; sourceTree = "<group>"; };
		492C6A791471FA10002E7651 /* MobilityDataModel.xcdatamodel */ = {isa = PBXFileReference; lastKnownFileType = wrapper.xcdatamodel; path = MobilityDataModel.xcdatamodel; sourceTree = "<group>"; };
		492C6A7D1471FBD8002E7651 /* MobilityLogger.h */ = {isa = PBXFileReference; fileEncoding = 4; lastKnownFileType = sourcecode.c.h; path = MobilityLogger.h; sourceTree = "<group>"; };
		492C6A7E1471FBD8002E7651 /* MobilityLogger.m */ = {isa = PBXFileReference; fileEncoding = 4; lastKnownFileType = sourcecode.c.objc; path = MobilityLogger.m; sourceTree = "<group>"; };
		492C6A811471FDFB002E7651 /* CoreLocation.framework */ = {isa = PBXFileReference; lastKnownFileType = wrapper.framework; name = CoreLocation.framework; path = System/Library/Frameworks/CoreLocation.framework; sourceTree = SDKROOT; };
		4946B8BA14724B7600572463 /* CoreMotion.framework */ = {isa = PBXFileReference; lastKnownFileType = wrapper.framework; name = CoreMotion.framework; path = System/Library/Frameworks/CoreMotion.framework; sourceTree = SDKROOT; };
		49ACAA1C14725771008459C8 /* CoreData.framework */ = {isa = PBXFileReference; lastKnownFileType = wrapper.framework; name = CoreData.framework; path = System/Library/Frameworks/CoreData.framework; sourceTree = SDKROOT; };
		49B205E01471E4DF00534F33 /* Mobility.app */ = {isa = PBXFileReference; explicitFileType = wrapper.application; includeInIndex = 0; path = Mobility.app; sourceTree = BUILT_PRODUCTS_DIR; };
		49B205E41471E4DF00534F33 /* UIKit.framework */ = {isa = PBXFileReference; lastKnownFileType = wrapper.framework; name = UIKit.framework; path = System/Library/Frameworks/UIKit.framework; sourceTree = SDKROOT; };
		49B205E61471E4DF00534F33 /* Foundation.framework */ = {isa = PBXFileReference; lastKnownFileType = wrapper.framework; name = Foundation.framework; path = System/Library/Frameworks/Foundation.framework; sourceTree = SDKROOT; };
		49B205E81471E4DF00534F33 /* CoreGraphics.framework */ = {isa = PBXFileReference; lastKnownFileType = wrapper.framework; name = CoreGraphics.framework; path = System/Library/Frameworks/CoreGraphics.framework; sourceTree = SDKROOT; };
		49B205EC1471E4DF00534F33 /* Mobility-Info.plist */ = {isa = PBXFileReference; lastKnownFileType = text.plist.xml; path = "Mobility-Info.plist"; sourceTree = "<group>"; };
		49B205EE1471E4DF00534F33 /* en */ = {isa = PBXFileReference; lastKnownFileType = text.plist.strings; name = en; path = en.lproj/InfoPlist.strings; sourceTree = "<group>"; };
		49B205F01471E4DF00534F33 /* main.m */ = {isa = PBXFileReference; lastKnownFileType = sourcecode.c.objc; path = main.m; sourceTree = "<group>"; };
		49B205F21471E4DF00534F33 /* Mobility-Prefix.pch */ = {isa = PBXFileReference; lastKnownFileType = sourcecode.c.h; path = "Mobility-Prefix.pch"; sourceTree = "<group>"; };
		49B205F31471E4DF00534F33 /* AppDelegate.h */ = {isa = PBXFileReference; lastKnownFileType = sourcecode.c.h; path = AppDelegate.h; sourceTree = "<group>"; };
		49B205F41471E4DF00534F33 /* AppDelegate.m */ = {isa = PBXFileReference; lastKnownFileType = sourcecode.c.objc; path = AppDelegate.m; sourceTree = "<group>"; };
		49B205FB1471E4DF00534F33 /* MobilityTests.octest */ = {isa = PBXFileReference; explicitFileType = wrapper.cfbundle; includeInIndex = 0; path = MobilityTests.octest; sourceTree = BUILT_PRODUCTS_DIR; };
		49B205FC1471E4DF00534F33 /* SenTestingKit.framework */ = {isa = PBXFileReference; lastKnownFileType = wrapper.framework; name = SenTestingKit.framework; path = Library/Frameworks/SenTestingKit.framework; sourceTree = DEVELOPER_DIR; };
		49B206041471E4DF00534F33 /* MobilityTests-Info.plist */ = {isa = PBXFileReference; lastKnownFileType = text.plist.xml; path = "MobilityTests-Info.plist"; sourceTree = "<group>"; };
		49B206061471E4DF00534F33 /* en */ = {isa = PBXFileReference; lastKnownFileType = text.plist.strings; name = en; path = en.lproj/InfoPlist.strings; sourceTree = "<group>"; };
		49B206081471E4DF00534F33 /* MobilityTests.h */ = {isa = PBXFileReference; lastKnownFileType = sourcecode.c.h; path = MobilityTests.h; sourceTree = "<group>"; };
		49B206091471E4DF00534F33 /* MobilityTests.m */ = {isa = PBXFileReference; lastKnownFileType = sourcecode.c.objc; path = MobilityTests.m; sourceTree = "<group>"; };
		49CB76B214AE7F3B00015999 /* DataPoint.h */ = {isa = PBXFileReference; fileEncoding = 4; lastKnownFileType = sourcecode.c.h; path = DataPoint.h; sourceTree = "<group>"; };
		49CB76B314AE7F3B00015999 /* DataPoint.m */ = {isa = PBXFileReference; fileEncoding = 4; lastKnownFileType = sourcecode.c.objc; path = DataPoint.m; sourceTree = "<group>"; };
/* End PBXFileReference section */

/* Begin PBXFrameworksBuildPhase section */
		49B205DD1471E4DF00534F33 /* Frameworks */ = {
			isa = PBXFrameworksBuildPhase;
			buildActionMask = 2147483647;
			files = (
				49ACAA1D14725771008459C8 /* CoreData.framework in Frameworks */,
				49B205E51471E4DF00534F33 /* UIKit.framework in Frameworks */,
				49B205E71471E4DF00534F33 /* Foundation.framework in Frameworks */,
				49B205E91471E4DF00534F33 /* CoreGraphics.framework in Frameworks */,
				492C6A821471FDFB002E7651 /* CoreLocation.framework in Frameworks */,
				4946B8BB14724B7600572463 /* CoreMotion.framework in Frameworks */,
			);
			runOnlyForDeploymentPostprocessing = 0;
		};
		49B205F71471E4DF00534F33 /* Frameworks */ = {
			isa = PBXFrameworksBuildPhase;
			buildActionMask = 2147483647;
			files = (
				49ACAA1E14725782008459C8 /* CoreData.framework in Frameworks */,
				49B205FD1471E4DF00534F33 /* SenTestingKit.framework in Frameworks */,
				49B205FE1471E4DF00534F33 /* UIKit.framework in Frameworks */,
				49B205FF1471E4DF00534F33 /* Foundation.framework in Frameworks */,
				492C6A831471FE36002E7651 /* CoreLocation.framework in Frameworks */,
				4946B8BD14724B9400572463 /* CoreMotion.framework in Frameworks */,
			);
			runOnlyForDeploymentPostprocessing = 0;
		};
/* End PBXFrameworksBuildPhase section */

/* Begin PBXGroup section */
		49B205D51471E4DF00534F33 = {
			isa = PBXGroup;
			children = (
				49B205EA1471E4DF00534F33 /* Mobility */,
				49B206021471E4DF00534F33 /* MobilityTests */,
				49B205E31471E4DF00534F33 /* Frameworks */,
				49B205E11471E4DF00534F33 /* Products */,
			);
			sourceTree = "<group>";
		};
		49B205E11471E4DF00534F33 /* Products */ = {
			isa = PBXGroup;
			children = (
				49B205E01471E4DF00534F33 /* Mobility.app */,
				49B205FB1471E4DF00534F33 /* MobilityTests.octest */,
			);
			name = Products;
			sourceTree = "<group>";
		};
		49B205E31471E4DF00534F33 /* Frameworks */ = {
			isa = PBXGroup;
			children = (
				49ACAA1C14725771008459C8 /* CoreData.framework */,
				4946B8BA14724B7600572463 /* CoreMotion.framework */,
				492C6A811471FDFB002E7651 /* CoreLocation.framework */,
				49B205E41471E4DF00534F33 /* UIKit.framework */,
				49B205E61471E4DF00534F33 /* Foundation.framework */,
				49B205E81471E4DF00534F33 /* CoreGraphics.framework */,
				49B205FC1471E4DF00534F33 /* SenTestingKit.framework */,
			);
			name = Frameworks;
			sourceTree = "<group>";
		};
		49B205EA1471E4DF00534F33 /* Mobility */ = {
			isa = PBXGroup;
			children = (
				49B205F31471E4DF00534F33 /* AppDelegate.h */,
				49B205F41471E4DF00534F33 /* AppDelegate.m */,
				49B205EB1471E4DF00534F33 /* Supporting Files */,
				4907EF461471F03600AA91D7 /* MobilityViewController.h */,
				4907EF471471F03600AA91D7 /* MobilityViewController.m */,
				4907EF481471F03600AA91D7 /* MobilityViewController.xib */,
				49CB76B214AE7F3B00015999 /* DataPoint.h */,
				49CB76B314AE7F3B00015999 /* DataPoint.m */,
				492C6A7D1471FBD8002E7651 /* MobilityLogger.h */,
				492C6A7E1471FBD8002E7651 /* MobilityLogger.m */,
			);
			path = Mobility;
			sourceTree = "<group>";
		};
		49B205EB1471E4DF00534F33 /* Supporting Files */ = {
			isa = PBXGroup;
			children = (
				49B205EC1471E4DF00534F33 /* Mobility-Info.plist */,
				49B205ED1471E4DF00534F33 /* InfoPlist.strings */,
				49B205F01471E4DF00534F33 /* main.m */,
				49B205F21471E4DF00534F33 /* Mobility-Prefix.pch */,
				492C6A781471FA10002E7651 /* MobilityDataModel.xcdatamodeld */,
			);
			name = "Supporting Files";
			sourceTree = "<group>";
		};
		49B206021471E4DF00534F33 /* MobilityTests */ = {
			isa = PBXGroup;
			children = (
				49B206081471E4DF00534F33 /* MobilityTests.h */,
				49B206091471E4DF00534F33 /* MobilityTests.m */,
				49B206031471E4DF00534F33 /* Supporting Files */,
			);
			path = MobilityTests;
			sourceTree = "<group>";
		};
		49B206031471E4DF00534F33 /* Supporting Files */ = {
			isa = PBXGroup;
			children = (
				49B206041471E4DF00534F33 /* MobilityTests-Info.plist */,
				49B206051471E4DF00534F33 /* InfoPlist.strings */,
			);
			name = "Supporting Files";
			sourceTree = "<group>";
		};
/* End PBXGroup section */

/* Begin PBXNativeTarget section */
		49B205DF1471E4DF00534F33 /* Mobility */ = {
			isa = PBXNativeTarget;
			buildConfigurationList = 49B2060D1471E4DF00534F33 /* Build configuration list for PBXNativeTarget "Mobility" */;
			buildPhases = (
				49B205DC1471E4DF00534F33 /* Sources */,
				49B205DD1471E4DF00534F33 /* Frameworks */,
				49B205DE1471E4DF00534F33 /* Resources */,
			);
			buildRules = (
			);
			dependencies = (
			);
			name = Mobility;
			productName = Mobility;
			productReference = 49B205E01471E4DF00534F33 /* Mobility.app */;
			productType = "com.apple.product-type.application";
		};
		49B205FA1471E4DF00534F33 /* MobilityTests */ = {
			isa = PBXNativeTarget;
			buildConfigurationList = 49B206101471E4DF00534F33 /* Build configuration list for PBXNativeTarget "MobilityTests" */;
			buildPhases = (
				49B205F61471E4DF00534F33 /* Sources */,
				49B205F71471E4DF00534F33 /* Frameworks */,
				49B205F81471E4DF00534F33 /* Resources */,
				49B205F91471E4DF00534F33 /* ShellScript */,
			);
			buildRules = (
			);
			dependencies = (
				49B206011471E4DF00534F33 /* PBXTargetDependency */,
			);
			name = MobilityTests;
			productName = MobilityTests;
			productReference = 49B205FB1471E4DF00534F33 /* MobilityTests.octest */;
			productType = "com.apple.product-type.bundle";
		};
/* End PBXNativeTarget section */

/* Begin PBXProject section */
		49B205D71471E4DF00534F33 /* Project object */ = {
			isa = PBXProject;
			attributes = {
				LastUpgradeCheck = 0420;
			};
			buildConfigurationList = 49B205DA1471E4DF00534F33 /* Build configuration list for PBXProject "Mobility" */;
			compatibilityVersion = "Xcode 3.2";
			developmentRegion = English;
			hasScannedForEncodings = 0;
			knownRegions = (
				en,
			);
			mainGroup = 49B205D51471E4DF00534F33;
			productRefGroup = 49B205E11471E4DF00534F33 /* Products */;
			projectDirPath = "";
			projectRoot = "";
			targets = (
				49B205DF1471E4DF00534F33 /* Mobility */,
				49B205FA1471E4DF00534F33 /* MobilityTests */,
			);
		};
/* End PBXProject section */

/* Begin PBXResourcesBuildPhase section */
		49B205DE1471E4DF00534F33 /* Resources */ = {
			isa = PBXResourcesBuildPhase;
			buildActionMask = 2147483647;
			files = (
				49B205EF1471E4DF00534F33 /* InfoPlist.strings in Resources */,
				4907EF4B1471F03600AA91D7 /* MobilityViewController.xib in Resources */,
			);
			runOnlyForDeploymentPostprocessing = 0;
		};
		49B205F81471E4DF00534F33 /* Resources */ = {
			isa = PBXResourcesBuildPhase;
			buildActionMask = 2147483647;
			files = (
				49B206071471E4DF00534F33 /* InfoPlist.strings in Resources */,
				4907EF4C1471F03600AA91D7 /* MobilityViewController.xib in Resources */,
			);
			runOnlyForDeploymentPostprocessing = 0;
		};
/* End PBXResourcesBuildPhase section */

/* Begin PBXShellScriptBuildPhase section */
		49B205F91471E4DF00534F33 /* ShellScript */ = {
			isa = PBXShellScriptBuildPhase;
			buildActionMask = 2147483647;
			files = (
			);
			inputPaths = (
			);
			outputPaths = (
			);
			runOnlyForDeploymentPostprocessing = 0;
			shellPath = /bin/sh;
			shellScript = "# Run the unit tests in this test bundle.\n\"${SYSTEM_DEVELOPER_DIR}/Tools/RunUnitTests\"\n";
		};
/* End PBXShellScriptBuildPhase section */

/* Begin PBXSourcesBuildPhase section */
		49B205DC1471E4DF00534F33 /* Sources */ = {
			isa = PBXSourcesBuildPhase;
			buildActionMask = 2147483647;
			files = (
				49B205F11471E4DF00534F33 /* main.m in Sources */,
				49B205F51471E4DF00534F33 /* AppDelegate.m in Sources */,
				4907EF491471F03600AA91D7 /* MobilityViewController.m in Sources */,
				492C6A7A1471FA10002E7651 /* MobilityDataModel.xcdatamodeld in Sources */,
				492C6A7F1471FBD8002E7651 /* MobilityLogger.m in Sources */,
				49CB76B414AE7F3B00015999 /* DataPoint.m in Sources */,
			);
			runOnlyForDeploymentPostprocessing = 0;
		};
		49B205F61471E4DF00534F33 /* Sources */ = {
			isa = PBXSourcesBuildPhase;
			buildActionMask = 2147483647;
			files = (
				49B2060A1471E4DF00534F33 /* MobilityTests.m in Sources */,
				4907EF4A1471F03600AA91D7 /* MobilityViewController.m in Sources */,
				492C6A7B1471FA10002E7651 /* MobilityDataModel.xcdatamodeld in Sources */,
				492C6A801471FBD8002E7651 /* MobilityLogger.m in Sources */,
			);
			runOnlyForDeploymentPostprocessing = 0;
		};
/* End PBXSourcesBuildPhase section */

/* Begin PBXTargetDependency section */
		49B206011471E4DF00534F33 /* PBXTargetDependency */ = {
			isa = PBXTargetDependency;
			target = 49B205DF1471E4DF00534F33 /* Mobility */;
			targetProxy = 49B206001471E4DF00534F33 /* PBXContainerItemProxy */;
		};
/* End PBXTargetDependency section */

/* Begin PBXVariantGroup section */
		49B205ED1471E4DF00534F33 /* InfoPlist.strings */ = {
			isa = PBXVariantGroup;
			children = (
				49B205EE1471E4DF00534F33 /* en */,
			);
			name = InfoPlist.strings;
			sourceTree = "<group>";
		};
		49B206051471E4DF00534F33 /* InfoPlist.strings */ = {
			isa = PBXVariantGroup;
			children = (
				49B206061471E4DF00534F33 /* en */,
			);
			name = InfoPlist.strings;
			sourceTree = "<group>";
		};
/* End PBXVariantGroup section */

/* Begin XCBuildConfiguration section */
		49B2060B1471E4DF00534F33 /* Debug */ = {
			isa = XCBuildConfiguration;
			buildSettings = {
				ALWAYS_SEARCH_USER_PATHS = NO;
				ARCHS = "$(ARCHS_STANDARD_32_BIT)";
				"CODE_SIGN_IDENTITY[sdk=iphoneos*]" = "iPhone Developer";
				COPY_PHASE_STRIP = NO;
				GCC_C_LANGUAGE_STANDARD = gnu99;
				GCC_DYNAMIC_NO_PIC = NO;
				GCC_OPTIMIZATION_LEVEL = 0;
				GCC_PREPROCESSOR_DEFINITIONS = (
					"DEBUG=1",
					"$(inherited)",
				);
				GCC_SYMBOLS_PRIVATE_EXTERN = NO;
				GCC_VERSION = com.apple.compilers.llvm.clang.1_0;
				GCC_WARN_ABOUT_MISSING_PROTOTYPES = YES;
				GCC_WARN_ABOUT_RETURN_TYPE = YES;
				GCC_WARN_UNUSED_VARIABLE = YES;
				IPHONEOS_DEPLOYMENT_TARGET = 5.0;
				SDKROOT = iphoneos;
				TARGETED_DEVICE_FAMILY = "1,2";
			};
			name = Debug;
		};
		49B2060C1471E4DF00534F33 /* Release */ = {
			isa = XCBuildConfiguration;
			buildSettings = {
				ALWAYS_SEARCH_USER_PATHS = NO;
				ARCHS = "$(ARCHS_STANDARD_32_BIT)";
				"CODE_SIGN_IDENTITY[sdk=iphoneos*]" = "iPhone Developer";
				COPY_PHASE_STRIP = YES;
				GCC_C_LANGUAGE_STANDARD = gnu99;
				GCC_VERSION = com.apple.compilers.llvm.clang.1_0;
				GCC_WARN_ABOUT_MISSING_PROTOTYPES = YES;
				GCC_WARN_ABOUT_RETURN_TYPE = YES;
				GCC_WARN_UNUSED_VARIABLE = YES;
				IPHONEOS_DEPLOYMENT_TARGET = 5.0;
				OTHER_CFLAGS = "-DNS_BLOCK_ASSERTIONS=1";
				SDKROOT = iphoneos;
				TARGETED_DEVICE_FAMILY = "1,2";
				VALIDATE_PRODUCT = YES;
			};
			name = Release;
		};
		49B2060E1471E4DF00534F33 /* Debug */ = {
			isa = XCBuildConfiguration;
			buildSettings = {
				GCC_PRECOMPILE_PREFIX_HEADER = YES;
				GCC_PREFIX_HEADER = "Mobility/Mobility-Prefix.pch";
				INFOPLIST_FILE = "Mobility/Mobility-Info.plist";
				PRODUCT_NAME = "$(TARGET_NAME)";
				WRAPPER_EXTENSION = app;
			};
			name = Debug;
		};
		49B2060F1471E4DF00534F33 /* Release */ = {
			isa = XCBuildConfiguration;
			buildSettings = {
				GCC_PRECOMPILE_PREFIX_HEADER = YES;
				GCC_PREFIX_HEADER = "Mobility/Mobility-Prefix.pch";
				INFOPLIST_FILE = "Mobility/Mobility-Info.plist";
				PRODUCT_NAME = "$(TARGET_NAME)";
				WRAPPER_EXTENSION = app;
			};
			name = Release;
		};
		49B206111471E4DF00534F33 /* Debug */ = {
			isa = XCBuildConfiguration;
			buildSettings = {
				BUNDLE_LOADER = "$(BUILT_PRODUCTS_DIR)/Mobility.app/Mobility";
				FRAMEWORK_SEARCH_PATHS = (
					"$(SDKROOT)/Developer/Library/Frameworks",
					"$(DEVELOPER_LIBRARY_DIR)/Frameworks",
				);
				GCC_PRECOMPILE_PREFIX_HEADER = YES;
				GCC_PREFIX_HEADER = "Mobility/Mobility-Prefix.pch";
				INFOPLIST_FILE = "MobilityTests/MobilityTests-Info.plist";
				PRODUCT_NAME = "$(TARGET_NAME)";
				TEST_HOST = "$(BUNDLE_LOADER)";
				WRAPPER_EXTENSION = octest;
			};
			name = Debug;
		};
		49B206121471E4DF00534F33 /* Release */ = {
			isa = XCBuildConfiguration;
			buildSettings = {
				BUNDLE_LOADER = "$(BUILT_PRODUCTS_DIR)/Mobility.app/Mobility";
				FRAMEWORK_SEARCH_PATHS = (
					"$(SDKROOT)/Developer/Library/Frameworks",
					"$(DEVELOPER_LIBRARY_DIR)/Frameworks",
				);
				GCC_PRECOMPILE_PREFIX_HEADER = YES;
				GCC_PREFIX_HEADER = "Mobility/Mobility-Prefix.pch";
				INFOPLIST_FILE = "MobilityTests/MobilityTests-Info.plist";
				PRODUCT_NAME = "$(TARGET_NAME)";
				TEST_HOST = "$(BUNDLE_LOADER)";
				WRAPPER_EXTENSION = octest;
			};
			name = Release;
		};
/* End XCBuildConfiguration section */

/* Begin XCConfigurationList section */
		49B205DA1471E4DF00534F33 /* Build configuration list for PBXProject "Mobility" */ = {
			isa = XCConfigurationList;
			buildConfigurations = (
				49B2060B1471E4DF00534F33 /* Debug */,
				49B2060C1471E4DF00534F33 /* Release */,
			);
			defaultConfigurationIsVisible = 0;
			defaultConfigurationName = Release;
		};
		49B2060D1471E4DF00534F33 /* Build configuration list for PBXNativeTarget "Mobility" */ = {
			isa = XCConfigurationList;
			buildConfigurations = (
				49B2060E1471E4DF00534F33 /* Debug */,
				49B2060F1471E4DF00534F33 /* Release */,
			);
			defaultConfigurationIsVisible = 0;
			defaultConfigurationName = Release;
		};
		49B206101471E4DF00534F33 /* Build configuration list for PBXNativeTarget "MobilityTests" */ = {
			isa = XCConfigurationList;
			buildConfigurations = (
				49B206111471E4DF00534F33 /* Debug */,
				49B206121471E4DF00534F33 /* Release */,
			);
			defaultConfigurationIsVisible = 0;
			defaultConfigurationName = Release;
		};
/* End XCConfigurationList section */

/* Begin XCVersionGroup section */
		492C6A781471FA10002E7651 /* MobilityDataModel.xcdatamodeld */ = {
			isa = XCVersionGroup;
			children = (
				492C6A791471FA10002E7651 /* MobilityDataModel.xcdatamodel */,
			);
			currentVersion = 492C6A791471FA10002E7651 /* MobilityDataModel.xcdatamodel */;
			path = MobilityDataModel.xcdatamodeld;
			sourceTree = "<group>";
			versionGroupType = wrapper.xcdatamodel;
		};
/* End XCVersionGroup section */
	};
	rootObject = 49B205D71471E4DF00534F33 /* Project object */;
}
